
Microsoft Visual Studio Solution File, Format Version 12.00
# Visual Studio Version 16
VisualStudioVersion = 16.0.31515.178
MinimumVisualStudioVersion = 10.0.40219.1
Project("{FAE04EC0-301F-11D3-BF4B-00C04F79EFBC}") = "ECocktails", "ECocktails\ECocktails.csproj", "{F925785B-66F4-4346-BB03-0D918FFD7DAF}"
EndProject
Global
	GlobalSection(SolutionConfigurationPlatforms) = preSolution
		Debug|Any CPU = Debug|Any CPU
		Release|Any CPU = Release|Any CPU
	EndGlobalSection
	GlobalSection(ProjectConfigurationPlatforms) = postSolution
		{F925785B-66F4-4346-BB03-0D918FFD7DAF}.Debug|Any CPU.ActiveCfg = Debug|Any CPU
		{F925785B-66F4-4346-BB03-0D918FFD7DAF}.Debug|Any CPU.Build.0 = Debug|Any CPU
		{F925785B-66F4-4346-BB03-0D918FFD7DAF}.Release|Any CPU.ActiveCfg = Release|Any CPU
		{F925785B-66F4-4346-BB03-0D918FFD7DAF}.Release|Any CPU.Build.0 = Release|Any CPU
	EndGlobalSection
	GlobalSection(SolutionProperties) = preSolution
		HideSolutionNode = FALSE
	EndGlobalSection
	GlobalSection(ExtensibilityGlobals) = postSolution
		SolutionGuid = {033A3FC3-8419-4D1B-AE84-F2D1D77D6490}
	EndGlobalSection
EndGlobal
